
Microsoft Visual Studio Solution File, Format Version 12.00
# Visual Studio Version 16
VisualStudioVersion = 16.0.28803.156
MinimumVisualStudioVersion = 10.0.40219.1
Project("{9A19103F-16F7-4668-BE54-9A1E7A4F7556}") = "Phish.Domain", "Phish.Domain.csproj", "{C5199C15-1BC5-48A5-9D80-1CFCCE0D4980}"
EndProject
Global
	GlobalSection(SolutionConfigurationPlatforms) = preSolution
		Debug|Any CPU = Debug|Any CPU
		Release|Any CPU = Release|Any CPU
	EndGlobalSection
	GlobalSection(ProjectConfigurationPlatforms) = postSolution
		{C5199C15-1BC5-48A5-9D80-1CFCCE0D4980}.Debug|Any CPU.ActiveCfg = Debug|Any CPU
		{C5199C15-1BC5-48A5-9D80-1CFCCE0D4980}.Debug|Any CPU.Build.0 = Debug|Any CPU
		{C5199C15-1BC5-48A5-9D80-1CFCCE0D4980}.Release|Any CPU.ActiveCfg = Release|Any CPU
		{C5199C15-1BC5-48A5-9D80-1CFCCE0D4980}.Release|Any CPU.Build.0 = Release|Any CPU
	EndGlobalSection
	GlobalSection(SolutionProperties) = preSolution
		HideSolutionNode = FALSE
	EndGlobalSection
	GlobalSection(ExtensibilityGlobals) = postSolution
		SolutionGuid = {C4C7E3DF-564A-4E30-BE23-953AE2454149}
	EndGlobalSection
EndGlobal
