
Microsoft Visual Studio Solution File, Format Version 12.00
# Visual Studio Version 16
VisualStudioVersion = 16.0.28803.156
MinimumVisualStudioVersion = 10.0.40219.1
Project("{9A19103F-16F7-4668-BE54-9A1E7A4F7556}") = "Phish.Domain", "Phish.Domain\Phish.Domain.csproj", "{E95DDDBB-1226-42CF-8493-B8FEE33CFC7B}"
EndProject
Project("{9A19103F-16F7-4668-BE54-9A1E7A4F7556}") = "Phish.ApiClient", "Phish.ApiClient\Phish.ApiClient.csproj", "{41C8FBCB-D947-42CD-85BA-BE3F105DD581}"
EndProject
Project("{9A19103F-16F7-4668-BE54-9A1E7A4F7556}") = "Phish.ApiClient.Tests", "..\Phish.ApiClient.Tests\Phish.ApiClient.Tests.csproj", "{BB08B840-8816-4C9A-A0F9-15B7563CB4FC}"
EndProject
Project("{2150E333-8FDC-42A3-9474-1A3956D46DE8}") = "Solution Items", "Solution Items", "{DF95F207-1211-44FA-BBC4-FB0A3CE62297}"
	ProjectSection(SolutionItems) = preProject
		README.md = README.md
	EndProjectSection
EndProject
Project("{FAE04EC0-301F-11D3-BF4B-00C04F79EFBC}") = "Phish.WebApi", "Phish.WebApi\Phish.WebApi.csproj", "{BC174594-9F30-4842-9DBB-4B4FC20F43BA}"
EndProject
Global
	GlobalSection(SolutionConfigurationPlatforms) = preSolution
		Debug|Any CPU = Debug|Any CPU
		Release|Any CPU = Release|Any CPU
	EndGlobalSection
	GlobalSection(ProjectConfigurationPlatforms) = postSolution
		{E95DDDBB-1226-42CF-8493-B8FEE33CFC7B}.Debug|Any CPU.ActiveCfg = Debug|Any CPU
		{E95DDDBB-1226-42CF-8493-B8FEE33CFC7B}.Debug|Any CPU.Build.0 = Debug|Any CPU
		{E95DDDBB-1226-42CF-8493-B8FEE33CFC7B}.Release|Any CPU.ActiveCfg = Release|Any CPU
		{E95DDDBB-1226-42CF-8493-B8FEE33CFC7B}.Release|Any CPU.Build.0 = Release|Any CPU
		{41C8FBCB-D947-42CD-85BA-BE3F105DD581}.Debug|Any CPU.ActiveCfg = Debug|Any CPU
		{41C8FBCB-D947-42CD-85BA-BE3F105DD581}.Debug|Any CPU.Build.0 = Debug|Any CPU
		{41C8FBCB-D947-42CD-85BA-BE3F105DD581}.Release|Any CPU.ActiveCfg = Release|Any CPU
		{41C8FBCB-D947-42CD-85BA-BE3F105DD581}.Release|Any CPU.Build.0 = Release|Any CPU
		{BB08B840-8816-4C9A-A0F9-15B7563CB4FC}.Debug|Any CPU.ActiveCfg = Debug|Any CPU
		{BB08B840-8816-4C9A-A0F9-15B7563CB4FC}.Debug|Any CPU.Build.0 = Debug|Any CPU
		{BB08B840-8816-4C9A-A0F9-15B7563CB4FC}.Release|Any CPU.ActiveCfg = Release|Any CPU
		{BB08B840-8816-4C9A-A0F9-15B7563CB4FC}.Release|Any CPU.Build.0 = Release|Any CPU
		{BC174594-9F30-4842-9DBB-4B4FC20F43BA}.Debug|Any CPU.ActiveCfg = Debug|Any CPU
		{BC174594-9F30-4842-9DBB-4B4FC20F43BA}.Debug|Any CPU.Build.0 = Debug|Any CPU
		{BC174594-9F30-4842-9DBB-4B4FC20F43BA}.Release|Any CPU.ActiveCfg = Release|Any CPU
		{BC174594-9F30-4842-9DBB-4B4FC20F43BA}.Release|Any CPU.Build.0 = Release|Any CPU
	EndGlobalSection
	GlobalSection(SolutionProperties) = preSolution
		HideSolutionNode = FALSE
	EndGlobalSection
	GlobalSection(ExtensibilityGlobals) = postSolution
		SolutionGuid = {83723FFC-7F1E-44D6-B3EF-B697C6CA89C7}
	EndGlobalSection
EndGlobal
