
Microsoft Visual Studio Solution File, Format Version 12.00
# Visual Studio Version 16
VisualStudioVersion = 16.0.28803.156
MinimumVisualStudioVersion = 10.0.40219.1
Project("{FAE04EC0-301F-11D3-BF4B-00C04F79EFBC}") = "Phish.ViewModels", "Phish.ViewModels\Phish.ViewModels.csproj", "{80315797-FF45-41ED-A83E-068971FA67B1}"
EndProject
Global
	GlobalSection(SolutionConfigurationPlatforms) = preSolution
		Debug|Any CPU = Debug|Any CPU
		Release|Any CPU = Release|Any CPU
	EndGlobalSection
	GlobalSection(ProjectConfigurationPlatforms) = postSolution
		{80315797-FF45-41ED-A83E-068971FA67B1}.Debug|Any CPU.ActiveCfg = Debug|Any CPU
		{80315797-FF45-41ED-A83E-068971FA67B1}.Debug|Any CPU.Build.0 = Debug|Any CPU
		{80315797-FF45-41ED-A83E-068971FA67B1}.Release|Any CPU.ActiveCfg = Release|Any CPU
		{80315797-FF45-41ED-A83E-068971FA67B1}.Release|Any CPU.Build.0 = Release|Any CPU
	EndGlobalSection
	GlobalSection(SolutionProperties) = preSolution
		HideSolutionNode = FALSE
	EndGlobalSection
	GlobalSection(ExtensibilityGlobals) = postSolution
		SolutionGuid = {708DA57C-E43D-492A-AA37-449C060A6DAA}
	EndGlobalSection
EndGlobal
