
Microsoft Visual Studio Solution File, Format Version 12.00
# Visual Studio Version 16
VisualStudioVersion = 16.0.28803.156
MinimumVisualStudioVersion = 10.0.40219.1
Project("{FAE04EC0-301F-11D3-BF4B-00C04F79EFBC}") = "Phish.Desktop.Wpf", "Phish.Desktop.Wpf\Phish.Desktop.Wpf.csproj", "{FD497BAE-4076-4C2D-BCFB-95DCD23DACDC}"
EndProject
Global
	GlobalSection(SolutionConfigurationPlatforms) = preSolution
		Debug|Any CPU = Debug|Any CPU
		Release|Any CPU = Release|Any CPU
	EndGlobalSection
	GlobalSection(ProjectConfigurationPlatforms) = postSolution
		{FD497BAE-4076-4C2D-BCFB-95DCD23DACDC}.Debug|Any CPU.ActiveCfg = Debug|Any CPU
		{FD497BAE-4076-4C2D-BCFB-95DCD23DACDC}.Debug|Any CPU.Build.0 = Debug|Any CPU
		{FD497BAE-4076-4C2D-BCFB-95DCD23DACDC}.Release|Any CPU.ActiveCfg = Release|Any CPU
		{FD497BAE-4076-4C2D-BCFB-95DCD23DACDC}.Release|Any CPU.Build.0 = Release|Any CPU
	EndGlobalSection
	GlobalSection(SolutionProperties) = preSolution
		HideSolutionNode = FALSE
	EndGlobalSection
	GlobalSection(ExtensibilityGlobals) = postSolution
		SolutionGuid = {8009BEA8-73F6-4C42-AF2F-3C9DA19A51E0}
	EndGlobalSection
EndGlobal
